
Microsoft Visual Studio Solution File, Format Version 12.00
# Visual Studio Version 16
VisualStudioVersion = 16.0.32126.315
MinimumVisualStudioVersion = 10.0.40219.1
Project("{9A19103F-16F7-4668-BE54-9A1E7A4F7556}") = "AWSServerlessDemo", "AWSServerlessDemo\AWSServerlessDemo.csproj", "{100F3807-C105-4DF4-BDEA-BA5F76ED9E17}"
EndProject
Global
	GlobalSection(SolutionConfigurationPlatforms) = preSolution
		Debug|Any CPU = Debug|Any CPU
		Release|Any CPU = Release|Any CPU
	EndGlobalSection
	GlobalSection(ProjectConfigurationPlatforms) = postSolution
		{100F3807-C105-4DF4-BDEA-BA5F76ED9E17}.Debug|Any CPU.ActiveCfg = Debug|Any CPU
		{100F3807-C105-4DF4-BDEA-BA5F76ED9E17}.Debug|Any CPU.Build.0 = Debug|Any CPU
		{100F3807-C105-4DF4-BDEA-BA5F76ED9E17}.Release|Any CPU.ActiveCfg = Release|Any CPU
		{100F3807-C105-4DF4-BDEA-BA5F76ED9E17}.Release|Any CPU.Build.0 = Release|Any CPU
	EndGlobalSection
	GlobalSection(SolutionProperties) = preSolution
		HideSolutionNode = FALSE
	EndGlobalSection
	GlobalSection(ExtensibilityGlobals) = postSolution
		SolutionGuid = {E9639636-64CC-400C-A852-3621A6A14C08}
	EndGlobalSection
EndGlobal
